
Microsoft Visual Studio Solution File, Format Version 12.00
# Visual Studio Version 16
VisualStudioVersion = 16.0.29215.179
MinimumVisualStudioVersion = 10.0.40219.1
Project("{9A19103F-16F7-4668-BE54-9A1E7A4F7556}") = "Web", "Web\Web.csproj", "{79E99897-E538-456F-91DB-33028D92367E}"
EndProject
Project("{9A19103F-16F7-4668-BE54-9A1E7A4F7556}") = "Domain", "Domain\Domain.csproj", "{100A17F9-C3FA-4A57-B844-025AE98859F6}"
EndProject
Project("{9A19103F-16F7-4668-BE54-9A1E7A4F7556}") = "Data", "Data\Data.csproj", "{B5DEF0FD-B676-4EE6-AD8E-47818E943B40}"
EndProject
Project("{FAE04EC0-301F-11D3-BF4B-00C04F79EFBC}") = "Cilent", "Cilent\Cilent.csproj", "{CBDA748A-4B7D-4822-B885-DA89C7E67353}"
EndProject
Global
	GlobalSection(SolutionConfigurationPlatforms) = preSolution
		Debug|Any CPU = Debug|Any CPU
		Release|Any CPU = Release|Any CPU
	EndGlobalSection
	GlobalSection(ProjectConfigurationPlatforms) = postSolution
		{79E99897-E538-456F-91DB-33028D92367E}.Debug|Any CPU.ActiveCfg = Debug|Any CPU
		{79E99897-E538-456F-91DB-33028D92367E}.Debug|Any CPU.Build.0 = Debug|Any CPU
		{79E99897-E538-456F-91DB-33028D92367E}.Release|Any CPU.ActiveCfg = Release|Any CPU
		{79E99897-E538-456F-91DB-33028D92367E}.Release|Any CPU.Build.0 = Release|Any CPU
		{100A17F9-C3FA-4A57-B844-025AE98859F6}.Debug|Any CPU.ActiveCfg = Debug|Any CPU
		{100A17F9-C3FA-4A57-B844-025AE98859F6}.Debug|Any CPU.Build.0 = Debug|Any CPU
		{100A17F9-C3FA-4A57-B844-025AE98859F6}.Release|Any CPU.ActiveCfg = Release|Any CPU
		{100A17F9-C3FA-4A57-B844-025AE98859F6}.Release|Any CPU.Build.0 = Release|Any CPU
		{B5DEF0FD-B676-4EE6-AD8E-47818E943B40}.Debug|Any CPU.ActiveCfg = Debug|Any CPU
		{B5DEF0FD-B676-4EE6-AD8E-47818E943B40}.Debug|Any CPU.Build.0 = Debug|Any CPU
		{B5DEF0FD-B676-4EE6-AD8E-47818E943B40}.Release|Any CPU.ActiveCfg = Release|Any CPU
		{B5DEF0FD-B676-4EE6-AD8E-47818E943B40}.Release|Any CPU.Build.0 = Release|Any CPU
		{CBDA748A-4B7D-4822-B885-DA89C7E67353}.Debug|Any CPU.ActiveCfg = Debug|Any CPU
		{CBDA748A-4B7D-4822-B885-DA89C7E67353}.Debug|Any CPU.Build.0 = Debug|Any CPU
		{CBDA748A-4B7D-4822-B885-DA89C7E67353}.Release|Any CPU.ActiveCfg = Release|Any CPU
		{CBDA748A-4B7D-4822-B885-DA89C7E67353}.Release|Any CPU.Build.0 = Release|Any CPU
	EndGlobalSection
	GlobalSection(SolutionProperties) = preSolution
		HideSolutionNode = FALSE
	EndGlobalSection
	GlobalSection(ExtensibilityGlobals) = postSolution
		SolutionGuid = {81FDC531-D695-474F-97E8-05AC723F87F3}
	EndGlobalSection
EndGlobal
